
Microsoft Visual Studio Solution File, Format Version 12.00
# Visual Studio Version 16
VisualStudioVersion = 16.0.810.22
MinimumVisualStudioVersion = 10.0.40219.1
Project("{FAE04EC0-301F-11D3-BF4B-00C04F79EFBC}") = "HashtableAssignment", "HashtableAssignment.csproj", "{ADC0B991-6C33-4835-9590-1C9443AFA683}"
EndProject
Global
	GlobalSection(SolutionConfigurationPlatforms) = preSolution
		Debug|anycpu = Debug|anycpu
		Release|anycpu = Release|anycpu
	EndGlobalSection
	GlobalSection(ProjectConfigurationPlatforms) = postSolution
		{ADC0B991-6C33-4835-9590-1C9443AFA683}.Debug|anycpu.ActiveCfg = Debug|anycpu
		{ADC0B991-6C33-4835-9590-1C9443AFA683}.Debug|anycpu.Build.0 = Debug|anycpu
		{ADC0B991-6C33-4835-9590-1C9443AFA683}.Release|anycpu.ActiveCfg = Release|anycpu
		{ADC0B991-6C33-4835-9590-1C9443AFA683}.Release|anycpu.Build.0 = Release|anycpu
	EndGlobalSection
	GlobalSection(SolutionProperties) = preSolution
		HideSolutionNode = FALSE
	EndGlobalSection
	GlobalSection(ExtensibilityGlobals) = postSolution
		SolutionGuid = {235C8A82-9ABC-460F-9C94-CD6BE6C89709}
	EndGlobalSection
EndGlobal
